<?xml version="1.0" encoding="utf-8"?>
<Project ToolsVersion="4.0" xmlns="http://schemas.microsoft.com/developer/msbuild/2003">
  <ItemGroup>
    <Filter Include="Source Files">
      <UniqueIdentifier>{4FC737F1-C7A5-4376-A066-2A32D752A2FF}</UniqueIdentifier>
      <Extensions>cpp;c;cc;cxx;c++;cppm;ixx;def;odl;idl;hpj;bat;asm;asmx</Extensions>
    </Filter>
    <Filter Include="Header Files">
      <UniqueIdentifier>{93995380-89BD-4b04-88EB-625FBE52EBFB}</UniqueIdentifier>
      <Extensions>h;hh;hpp;hxx;h++;hm;inl;inc;ipp;xsd</Extensions>
    </Filter>
    <Filter Include="Resource Files">
      <UniqueIdentifier>{67DA6AB6-F800-4c08-8B7A-83BB121AAD01}</UniqueIdentifier>
      <Extensions>rc;ico;cur;bmp;dlg;rc2;rct;bin;rgs;gif;jpg;jpeg;jpe;resx;tiff;tif;png;wav;mfcribbon-ms</Extensions>
    </Filter>
  </ItemGroup>
  <ItemGroup>
    <ClCompile Include="source\main.cpp">
      <Filter>Source Files</Filter>
    </ClCompile>
    <ClCompile Include="source\Swatter.cpp">
      <Filter>Source Files</Filter>
    </ClCompile>
    <ClCompile Include="source\TankPlayer.cpp">
      <Filter>Source Files</Filter>
    </ClCompile>
    <ClCompile Include="source\Game.cpp">
      <Filter>Source Files</Filter>
    </ClCompile>
    <ClCompile Include="source\RenderManager.cpp">
      <Filter>Source Files</Filter>
    </ClCompile>
    <ClCompile Include="source\Ship.cpp">
      <Filter>Source Files</Filter>
    </ClCompile>
    <ClCompile Include="source\ImageRenderer.cpp">
      <Filter>Source Files</Filter>
    </ClCompile>
    <ClCompile Include="source\Fly.cpp">
      <Filter>Source Files</Filter>
    </ClCompile>
  </ItemGroup>
  <ItemGroup>
    <Image Include="resources\enemy.png">
      <Filter>Resource Files</Filter>
    </Image>
    <Image Include="resources\enemyviejo.png">
      <Filter>Resource Files</Filter>
    </Image>
    <Image Include="resources\player.png">
      <Filter>Resource Files</Filter>
    </Image>
    <Image Include="resources\background1.png">
      <Filter>Resource Files</Filter>
    </Image>
    <Image Include="resources\background2.png">
      <Filter>Resource Files</Filter>
    </Image>
    <Image Include="resources\background3.png">
      <Filter>Resource Files</Filter>
    </Image>
    <Image Include="resources\bullet.png">
      <Filter>Resource Files</Filter>
    </Image>
    <Image Include="resources\cannon.png">
      <Filter>Resource Files</Filter>
    </Image>
    <Image Include="resources\enemy2.png">
      <Filter>Resource Files</Filter>
    </Image>
    <Image Include="resources\enemy3.png">
      <Filter>Resource Files</Filter>
    </Image>
    <Image Include="resources\enemySplat1.png">
      <Filter>Resource Files</Filter>
    </Image>
    <Image Include="resources\enemySplat2.png">
      <Filter>Resource Files</Filter>
    </Image>
    <Image Include="resources\enemySplat3.png">
      <Filter>Resource Files</Filter>
    </Image>
    <Image Include="resources\enemyTank1.png">
      <Filter>Resource Files</Filter>
    </Image>
    <Image Include="resources\enemyTank2.png">
      <Filter>Resource Files</Filter>
    </Image>
    <Image Include="resources\enemyTank3.png">
      <Filter>Resource Files</Filter>
    </Image>
    <Image Include="resources\PlayerSpace.png">
      <Filter>Resource Files</Filter>
    </Image>
    <Image Include="resources\PlayerSplat.png">
      <Filter>Resource Files</Filter>
    </Image>
    <Image Include="resources\PlayerTank.png">
      <Filter>Resource Files</Filter>
    </Image>
    <Image Include="resources\spashscreen.png">
      <Filter>Resource Files</Filter>
    </Image>
  </ItemGroup>
  <ItemGroup>
    <ClInclude Include="source\TankEnemy.h">
      <Filter>Header Files</Filter>
    </ClInclude>
    <ClInclude Include="source\MainMenu.h">
      <Filter>Header Files</Filter>
    </ClInclude>
    <ClInclude Include="source\Tanks.h">
      <Filter>Header Files</Filter>
    </ClInclude>
    <ClInclude Include="source\Swatter.h">
      <Filter>Header Files</Filter>
    </ClInclude>
    <ClInclude Include="source\Splat.h">
      <Filter>Header Files</Filter>
    </ClInclude>
    <ClInclude Include="source\Vector2.h">
      <Filter>Header Files</Filter>
    </ClInclude>
    <ClInclude Include="source\Alien.h">
      <Filter>Header Files</Filter>
    </ClInclude>
    <ClInclude Include="source\SpaceInvaders.h">
      <Filter>Header Files</Filter>
    </ClInclude>
    <ClInclude Include="source\BulletTank.h">
      <Filter>Header Files</Filter>
    </ClInclude>
    <ClInclude Include="source\RenderManager.h">
      <Filter>Header Files</Filter>
    </ClInclude>
    <ClInclude Include="source\TankPlayer.h">
      <Filter>Header Files</Filter>
    </ClInclude>
    <ClInclude Include="source\Fly.h">
      <Filter>Header Files</Filter>
    </ClInclude>
    <ClInclude Include="source\Ship.h">
      <Filter>Header Files</Filter>
    </ClInclude>
    <ClInclude Include="source\BulletShip.h">
      <Filter>Header Files</Filter>
    </ClInclude>
    <ClInclude Include="source\AudioManager.h">
      <Filter>Header Files</Filter>
    </ClInclude>
    <ClInclude Include="source\ImageObject.h">
      <Filter>Header Files</Filter>
    </ClInclude>
    <ClInclude Include="source\TextRenderer.h">
      <Filter>Header Files</Filter>
    </ClInclude>
    <ClInclude Include="source\TextObject.h">
      <Filter>Header Files</Filter>
    </ClInclude>
    <ClInclude Include="source\ImageRenderer.h">
      <Filter>Header Files</Filter>
    </ClInclude>
    <ClInclude Include="source\Renderer.h">
      <Filter>Header Files</Filter>
    </ClInclude>
    <ClInclude Include="source\Object.h">
      <Filter>Header Files</Filter>
    </ClInclude>
    <ClInclude Include="source\TimeManager.h">
      <Filter>Header Files</Filter>
    </ClInclude>
    <ClInclude Include="source\Transform.h">
      <Filter>Header Files</Filter>
    </ClInclude>
    <ClInclude Include="source\SceneManager.h">
      <Filter>Header Files</Filter>
    </ClInclude>
    <ClInclude Include="source\Spawner.h">
      <Filter>Header Files</Filter>
    </ClInclude>
    <ClInclude Include="source\Rigidbody.h">
      <Filter>Header Files</Filter>
    </ClInclude>
    <ClInclude Include="source\Scene.h">
      <Filter>Header Files</Filter>
    </ClInclude>
    <ClInclude Include="source\InputManager.h">
      <Filter>Header Files</Filter>
    </ClInclude>
    <ClInclude Include="source\Game.h">
      <Filter>Header Files</Filter>
    </ClInclude>
    <ClInclude Include="source\AnimatedImageRenderer.h">
      <Filter>Header Files</Filter>
    </ClInclude>
    <ClInclude Include="source\SplashScreen.h">
      <Filter>Header Files</Filter>
    </ClInclude>
    <ClInclude Include="source\SpriteMenu.h">
      <Filter>Header Files</Filter>
    </ClInclude>
    <ClInclude Include="source\RankingMenu.h">
      <Filter>Header Files</Filter>
    </ClInclude>
    <ClInclude Include="source\ConstantsManager.h">
      <Filter>Header Files</Filter>
    </ClInclude>
    <ClInclude Include="source\GameConstants.h">
      <Filter>Header Files</Filter>
    </ClInclude>
    <ClInclude Include="source\GameOverScene.h">
      <Filter>Header Files</Filter>
    </ClInclude>
    <ClInclude Include="source\YouWonScene.h">
      <Filter>Header Files</Filter>
    </ClInclude>
    <ClInclude Include="source\Button.h">
      <Filter>Header Files</Filter>
    </ClInclude>
    <ClInclude Include="source\TankCannon.h">
      <Filter>Header Files</Filter>
    </ClInclude>
    <ClInclude Include="source\EnemyCannon.h">
      <Filter>Header Files</Filter>
    </ClInclude>
    <ClInclude Include="source\BulletAlien.h">
      <Filter>Header Files</Filter>
    </ClInclude>
  </ItemGroup>
  <ItemGroup>
    <None Include="resources\highScores.bin">
      <Filter>Resource Files</Filter>
    </None>
    <None Include="resources\highScore.bin">
      <Filter>Resource Files</Filter>
    </None>
  </ItemGroup>
  <ItemGroup>
    <Xml Include="resources\valuesGame.xml">
      <Filter>Resource Files</Filter>
    </Xml>
  </ItemGroup>
</Project>